
Microsoft Visual Studio Solution File, Format Version 12.00
# Visual Studio Version 16
VisualStudioVersion = 16.0.31019.35
MinimumVisualStudioVersion = 10.0.40219.1
Project("{FAE04EC0-301F-11D3-BF4B-00C04F79EFBC}") = "displayedSort", "displayedSort\displayedSort.csproj", "{C0680B1A-9343-472F-A5D3-95A914156ACF}"
EndProject
Global
	GlobalSection(SolutionConfigurationPlatforms) = preSolution
		Debug|Any CPU = Debug|Any CPU
		Release|Any CPU = Release|Any CPU
	EndGlobalSection
	GlobalSection(ProjectConfigurationPlatforms) = postSolution
		{C0680B1A-9343-472F-A5D3-95A914156ACF}.Debug|Any CPU.ActiveCfg = Debug|Any CPU
		{C0680B1A-9343-472F-A5D3-95A914156ACF}.Debug|Any CPU.Build.0 = Debug|Any CPU
		{C0680B1A-9343-472F-A5D3-95A914156ACF}.Release|Any CPU.ActiveCfg = Release|Any CPU
		{C0680B1A-9343-472F-A5D3-95A914156ACF}.Release|Any CPU.Build.0 = Release|Any CPU
	EndGlobalSection
	GlobalSection(SolutionProperties) = preSolution
		HideSolutionNode = FALSE
	EndGlobalSection
	GlobalSection(ExtensibilityGlobals) = postSolution
		SolutionGuid = {39873A9B-4C7C-4FEF-BB13-0B5EB9590990}
	EndGlobalSection
EndGlobal
